
Microsoft Visual Studio Solution File, Format Version 12.00
# Visual Studio Version 17
VisualStudioVersion = 17.13.35919.96 d17.13
MinimumVisualStudioVersion = 10.0.40219.1
Project("{FAE04EC0-301F-11D3-BF4B-00C04F79EFBC}") = "SepatuApp", "SepatuApp\SepatuApp.csproj", "{F6ACACBA-422F-4827-847A-A367E1A41518}"
EndProject
Global
	GlobalSection(SolutionConfigurationPlatforms) = preSolution
		Debug|Any CPU = Debug|Any CPU
		Release|Any CPU = Release|Any CPU
	EndGlobalSection
	GlobalSection(ProjectConfigurationPlatforms) = postSolution
		{F6ACACBA-422F-4827-847A-A367E1A41518}.Debug|Any CPU.ActiveCfg = Debug|Any CPU
		{F6ACACBA-422F-4827-847A-A367E1A41518}.Debug|Any CPU.Build.0 = Debug|Any CPU
		{F6ACACBA-422F-4827-847A-A367E1A41518}.Release|Any CPU.ActiveCfg = Release|Any CPU
		{F6ACACBA-422F-4827-847A-A367E1A41518}.Release|Any CPU.Build.0 = Release|Any CPU
	EndGlobalSection
	GlobalSection(SolutionProperties) = preSolution
		HideSolutionNode = FALSE
	EndGlobalSection
	GlobalSection(ExtensibilityGlobals) = postSolution
		SolutionGuid = {EDB07695-54AD-43F7-A6BA-6FFC5D393250}
	EndGlobalSection
EndGlobal
